// !$*UTF8*$!
{
	archiveVersion = 1;
	classes = {
	};
	objectVersion = 56;
	objects = {

/* Begin PBXBuildFile section */
		0AAA64ED2BD6BE5600E2E0AC /* TempoApp.swift in Sources */ = {isa = PBXBuildFile; fileRef = 0AAA64EC2BD6BE5600E2E0AC /* TempoApp.swift */; };
		0AAA64EF2BD6BE5600E2E0AC /* ContentView.swift in Sources */ = {isa = PBXBuildFile; fileRef = 0AAA64EE2BD6BE5600E2E0AC /* ContentView.swift */; };
		0AAA64F12BD6BE5800E2E0AC /* Assets.xcassets in Resources */ = {isa = PBXBuildFile; fileRef = 0AAA64F02BD6BE5800E2E0AC /* Assets.xcassets */; };
		0AAA64F42BD6BE5800E2E0AC /* Preview Assets.xcassets in Resources */ = {isa = PBXBuildFile; fileRef = 0AAA64F32BD6BE5800E2E0AC /* Preview Assets.xcassets */; };
		0AAA65012BD6D65200E2E0AC /* DS-DIGIB.TTF in Resources */ = {isa = PBXBuildFile; fileRef = 0AAA64FD2BD6D65200E2E0AC /* DS-DIGIB.TTF */; };
		0AAA65062BD6D93A00E2E0AC /* DateFormatStyle+Timezone.swift in Sources */ = {isa = PBXBuildFile; fileRef = 0AAA65052BD6D93A00E2E0AC /* DateFormatStyle+Timezone.swift */; };
		0AAA65082BD6D98A00E2E0AC /* CustomFont.swift in Sources */ = {isa = PBXBuildFile; fileRef = 0AAA65072BD6D98A00E2E0AC /* CustomFont.swift */; };
		0AAA650B2BD6E90100E2E0AC /* alarm.mp3 in Resources */ = {isa = PBXBuildFile; fileRef = 0AAA650A2BD6E90100E2E0AC /* alarm.mp3 */; };
		0AAA650D2BD6ED1F00E2E0AC /* ShakeAnimation.swift in Sources */ = {isa = PBXBuildFile; fileRef = 0AAA650C2BD6ED1F00E2E0AC /* ShakeAnimation.swift */; };
/* End PBXBuildFile section */

/* Begin PBXFileReference section */
		0AAA64E92BD6BE5600E2E0AC /* Tempo.app */ = {isa = PBXFileReference; explicitFileType = wrapper.application; includeInIndex = 0; path = Tempo.app; sourceTree = BUILT_PRODUCTS_DIR; };
		0AAA64EC2BD6BE5600E2E0AC /* TempoApp.swift */ = {isa = PBXFileReference; lastKnownFileType = sourcecode.swift; path = TempoApp.swift; sourceTree = "<group>"; };
		0AAA64EE2BD6BE5600E2E0AC /* ContentView.swift */ = {isa = PBXFileReference; lastKnownFileType = sourcecode.swift; path = ContentView.swift; sourceTree = "<group>"; };
		0AAA64F02BD6BE5800E2E0AC /* Assets.xcassets */ = {isa = PBXFileReference; lastKnownFileType = folder.assetcatalog; path = Assets.xcassets; sourceTree = "<group>"; };
		0AAA64F32BD6BE5800E2E0AC /* Preview Assets.xcassets */ = {isa = PBXFileReference; lastKnownFileType = folder.assetcatalog; path = "Preview Assets.xcassets"; sourceTree = "<group>"; };
		0AAA64FD2BD6D65200E2E0AC /* DS-DIGIB.TTF */ = {isa = PBXFileReference; lastKnownFileType = file; path = "DS-DIGIB.TTF"; sourceTree = "<group>"; };
		0AAA65032BD6D6A600E2E0AC /* Info.plist */ = {isa = PBXFileReference; lastKnownFileType = text.plist; path = Info.plist; sourceTree = "<group>"; };
		0AAA65052BD6D93A00E2E0AC /* DateFormatStyle+Timezone.swift */ = {isa = PBXFileReference; lastKnownFileType = sourcecode.swift; path = "DateFormatStyle+Timezone.swift"; sourceTree = "<group>"; };
		0AAA65072BD6D98A00E2E0AC /* CustomFont.swift */ = {isa = PBXFileReference; lastKnownFileType = sourcecode.swift; path = CustomFont.swift; sourceTree = "<group>"; };
		0AAA650A2BD6E90100E2E0AC /* alarm.mp3 */ = {isa = PBXFileReference; lastKnownFileType = audio.mp3; path = alarm.mp3; sourceTree = "<group>"; };
		0AAA650C2BD6ED1F00E2E0AC /* ShakeAnimation.swift */ = {isa = PBXFileReference; lastKnownFileType = sourcecode.swift; path = ShakeAnimation.swift; sourceTree = "<group>"; };
/* End PBXFileReference section */

/* Begin PBXFrameworksBuildPhase section */
		0AAA64E62BD6BE5600E2E0AC /* Frameworks */ = {
			isa = PBXFrameworksBuildPhase;
			buildActionMask = 2147483647;
			files = (
			);
			runOnlyForDeploymentPostprocessing = 0;
		};
/* End PBXFrameworksBuildPhase section */

/* Begin PBXGroup section */
		0AAA64E02BD6BE5600E2E0AC = {
			isa = PBXGroup;
			children = (
				0AAA64EB2BD6BE5600E2E0AC /* Tempo */,
				0AAA64EA2BD6BE5600E2E0AC /* Products */,
			);
			sourceTree = "<group>";
		};
		0AAA64EA2BD6BE5600E2E0AC /* Products */ = {
			isa = PBXGroup;
			children = (
				0AAA64E92BD6BE5600E2E0AC /* Tempo.app */,
			);
			name = Products;
			sourceTree = "<group>";
		};
		0AAA64EB2BD6BE5600E2E0AC /* Tempo */ = {
			isa = PBXGroup;
			children = (
				0AAA65092BD6E8EE00E2E0AC /* Resources */,
				0AAA65042BD6D91F00E2E0AC /* Core */,
				0AAA65032BD6D6A600E2E0AC /* Info.plist */,
				0AAA64EC2BD6BE5600E2E0AC /* TempoApp.swift */,
				0AAA64EE2BD6BE5600E2E0AC /* ContentView.swift */,
				0AAA64F22BD6BE5800E2E0AC /* Preview Content */,
			);
			path = Tempo;
			sourceTree = "<group>";
		};
		0AAA64F22BD6BE5800E2E0AC /* Preview Content */ = {
			isa = PBXGroup;
			children = (
				0AAA64F32BD6BE5800E2E0AC /* Preview Assets.xcassets */,
			);
			path = "Preview Content";
			sourceTree = "<group>";
		};
		0AAA64FA2BD6D63E00E2E0AC /* Fonts */ = {
			isa = PBXGroup;
			children = (
				0AAA64FD2BD6D65200E2E0AC /* DS-DIGIB.TTF */,
			);
			path = Fonts;
			sourceTree = "<group>";
		};
		0AAA65042BD6D91F00E2E0AC /* Core */ = {
			isa = PBXGroup;
			children = (
				0AAA65052BD6D93A00E2E0AC /* DateFormatStyle+Timezone.swift */,
				0AAA65072BD6D98A00E2E0AC /* CustomFont.swift */,
				0AAA650C2BD6ED1F00E2E0AC /* ShakeAnimation.swift */,
			);
			path = Core;
			sourceTree = "<group>";
		};
		0AAA65092BD6E8EE00E2E0AC /* Resources */ = {
			isa = PBXGroup;
			children = (
				0AAA650A2BD6E90100E2E0AC /* alarm.mp3 */,
				0AAA64F02BD6BE5800E2E0AC /* Assets.xcassets */,
				0AAA64FA2BD6D63E00E2E0AC /* Fonts */,
			);
			path = Resources;
			sourceTree = "<group>";
		};
/* End PBXGroup section */

/* Begin PBXNativeTarget section */
		0AAA64E82BD6BE5600E2E0AC /* Tempo */ = {
			isa = PBXNativeTarget;
			buildConfigurationList = 0AAA64F72BD6BE5800E2E0AC /* Build configuration list for PBXNativeTarget "Tempo" */;
			buildPhases = (
				0AAA64E52BD6BE5600E2E0AC /* Sources */,
				0AAA64E62BD6BE5600E2E0AC /* Frameworks */,
				0AAA64E72BD6BE5600E2E0AC /* Resources */,
			);
			buildRules = (
			);
			dependencies = (
			);
			name = Tempo;
			productName = Tempo;
			productReference = 0AAA64E92BD6BE5600E2E0AC /* Tempo.app */;
			productType = "com.apple.product-type.application";
		};
/* End PBXNativeTarget section */

/* Begin PBXProject section */
		0AAA64E12BD6BE5600E2E0AC /* Project object */ = {
			isa = PBXProject;
			attributes = {
				BuildIndependentTargetsInParallel = 1;
				LastSwiftUpdateCheck = 1530;
				LastUpgradeCheck = 1530;
				TargetAttributes = {
					0AAA64E82BD6BE5600E2E0AC = {
						CreatedOnToolsVersion = 15.3;
					};
				};
			};
			buildConfigurationList = 0AAA64E42BD6BE5600E2E0AC /* Build configuration list for PBXProject "Tempo" */;
			compatibilityVersion = "Xcode 14.0";
			developmentRegion = en;
			hasScannedForEncodings = 0;
			knownRegions = (
				en,
				Base,
			);
			mainGroup = 0AAA64E02BD6BE5600E2E0AC;
			productRefGroup = 0AAA64EA2BD6BE5600E2E0AC /* Products */;
			projectDirPath = "";
			projectRoot = "";
			targets = (
				0AAA64E82BD6BE5600E2E0AC /* Tempo */,
			);
		};
/* End PBXProject section */

/* Begin PBXResourcesBuildPhase section */
		0AAA64E72BD6BE5600E2E0AC /* Resources */ = {
			isa = PBXResourcesBuildPhase;
			buildActionMask = 2147483647;
			files = (
				0AAA650B2BD6E90100E2E0AC /* alarm.mp3 in Resources */,
				0AAA65012BD6D65200E2E0AC /* DS-DIGIB.TTF in Resources */,
				0AAA64F42BD6BE5800E2E0AC /* Preview Assets.xcassets in Resources */,
				0AAA64F12BD6BE5800E2E0AC /* Assets.xcassets in Resources */,
			);
			runOnlyForDeploymentPostprocessing = 0;
		};
/* End PBXResourcesBuildPhase section */

/* Begin PBXSourcesBuildPhase section */
		0AAA64E52BD6BE5600E2E0AC /* Sources */ = {
			isa = PBXSourcesBuildPhase;
			buildActionMask = 2147483647;
			files = (
				0AAA650D2BD6ED1F00E2E0AC /* ShakeAnimation.swift in Sources */,
				0AAA64EF2BD6BE5600E2E0AC /* ContentView.swift in Sources */,
				0AAA65082BD6D98A00E2E0AC /* CustomFont.swift in Sources */,
				0AAA65062BD6D93A00E2E0AC /* DateFormatStyle+Timezone.swift in Sources */,
				0AAA64ED2BD6BE5600E2E0AC /* TempoApp.swift in Sources */,
			);
			runOnlyForDeploymentPostprocessing = 0;
		};
/* End PBXSourcesBuildPhase section */

/* Begin XCBuildConfiguration section */
		0AAA64F52BD6BE5800E2E0AC /* Debug */ = {
			isa = XCBuildConfiguration;
			buildSettings = {
				ALWAYS_SEARCH_USER_PATHS = NO;
				ASSETCATALOG_COMPILER_GENERATE_SWIFT_ASSET_SYMBOL_EXTENSIONS = YES;
				CLANG_ANALYZER_NONNULL = YES;
				CLANG_ANALYZER_NUMBER_OBJECT_CONVERSION = YES_AGGRESSIVE;
				CLANG_CXX_LANGUAGE_STANDARD = "gnu++20";
				CLANG_ENABLE_MODULES = YES;
				CLANG_ENABLE_OBJC_ARC = YES;
				CLANG_ENABLE_OBJC_WEAK = YES;
				CLANG_WARN_BLOCK_CAPTURE_AUTORELEASING = YES;
				CLANG_WARN_BOOL_CONVERSION = YES;
				CLANG_WARN_COMMA = YES;
				CLANG_WARN_CONSTANT_CONVERSION = YES;
				CLANG_WARN_DEPRECATED_OBJC_IMPLEMENTATIONS = YES;
				CLANG_WARN_DIRECT_OBJC_ISA_USAGE = YES_ERROR;
				CLANG_WARN_DOCUMENTATION_COMMENTS = YES;
				CLANG_WARN_EMPTY_BODY = YES;
				CLANG_WARN_ENUM_CONVERSION = YES;
				CLANG_WARN_INFINITE_RECURSION = YES;
				CLANG_WARN_INT_CONVERSION = YES;
				CLANG_WARN_NON_LITERAL_NULL_CONVERSION = YES;
				CLANG_WARN_OBJC_IMPLICIT_RETAIN_SELF = YES;
				CLANG_WARN_OBJC_LITERAL_CONVERSION = YES;
				CLANG_WARN_OBJC_ROOT_CLASS = YES_ERROR;
				CLANG_WARN_QUOTED_INCLUDE_IN_FRAMEWORK_HEADER = YES;
				CLANG_WARN_RANGE_LOOP_ANALYSIS = YES;
				CLANG_WARN_STRICT_PROTOTYPES = YES;
				CLANG_WARN_SUSPICIOUS_MOVE = YES;
				CLANG_WARN_UNGUARDED_AVAILABILITY = YES_AGGRESSIVE;
				CLANG_WARN_UNREACHABLE_CODE = YES;
				CLANG_WARN__DUPLICATE_METHOD_MATCH = YES;
				COPY_PHASE_STRIP = NO;
				DEBUG_INFORMATION_FORMAT = dwarf;
				ENABLE_STRICT_OBJC_MSGSEND = YES;
				ENABLE_TESTABILITY = YES;
				ENABLE_USER_SCRIPT_SANDBOXING = YES;
				GCC_C_LANGUAGE_STANDARD = gnu17;
				GCC_DYNAMIC_NO_PIC = NO;
				GCC_NO_COMMON_BLOCKS = YES;
				GCC_OPTIMIZATION_LEVEL = 0;
				GCC_PREPROCESSOR_DEFINITIONS = (
					"DEBUG=1",
					"$(inherited)",
				);
				GCC_WARN_64_TO_32_BIT_CONVERSION = YES;
				GCC_WARN_ABOUT_RETURN_TYPE = YES_ERROR;
				GCC_WARN_UNDECLARED_SELECTOR = YES;
				GCC_WARN_UNINITIALIZED_AUTOS = YES_AGGRESSIVE;
				GCC_WARN_UNUSED_FUNCTION = YES;
				GCC_WARN_UNUSED_VARIABLE = YES;
				IPHONEOS_DEPLOYMENT_TARGET = 17.4;
				LOCALIZATION_PREFERS_STRING_CATALOGS = YES;
				MTL_ENABLE_DEBUG_INFO = INCLUDE_SOURCE;
				MTL_FAST_MATH = YES;
				ONLY_ACTIVE_ARCH = YES;
				SDKROOT = iphoneos;
				SWIFT_ACTIVE_COMPILATION_CONDITIONS = "DEBUG $(inherited)";
				SWIFT_OPTIMIZATION_LEVEL = "-Onone";
			};
			name = Debug;
		};
		0AAA64F62BD6BE5800E2E0AC /* Release */ = {
			isa = XCBuildConfiguration;
			buildSettings = {
				ALWAYS_SEARCH_USER_PATHS = NO;
				ASSETCATALOG_COMPILER_GENERATE_SWIFT_ASSET_SYMBOL_EXTENSIONS = YES;
				CLANG_ANALYZER_NONNULL = YES;
				CLANG_ANALYZER_NUMBER_OBJECT_CONVERSION = YES_AGGRESSIVE;
				CLANG_CXX_LANGUAGE_STANDARD = "gnu++20";
				CLANG_ENABLE_MODULES = YES;
				CLANG_ENABLE_OBJC_ARC = YES;
				CLANG_ENABLE_OBJC_WEAK = YES;
				CLANG_WARN_BLOCK_CAPTURE_AUTORELEASING = YES;
				CLANG_WARN_BOOL_CONVERSION = YES;
				CLANG_WARN_COMMA = YES;
				CLANG_WARN_CONSTANT_CONVERSION = YES;
				CLANG_WARN_DEPRECATED_OBJC_IMPLEMENTATIONS = YES;
				CLANG_WARN_DIRECT_OBJC_ISA_USAGE = YES_ERROR;
				CLANG_WARN_DOCUMENTATION_COMMENTS = YES;
				CLANG_WARN_EMPTY_BODY = YES;
				CLANG_WARN_ENUM_CONVERSION = YES;
				CLANG_WARN_INFINITE_RECURSION = YES;
				CLANG_WARN_INT_CONVERSION = YES;
				CLANG_WARN_NON_LITERAL_NULL_CONVERSION = YES;
				CLANG_WARN_OBJC_IMPLICIT_RETAIN_SELF = YES;
				CLANG_WARN_OBJC_LITERAL_CONVERSION = YES;
				CLANG_WARN_OBJC_ROOT_CLASS = YES_ERROR;
				CLANG_WARN_QUOTED_INCLUDE_IN_FRAMEWORK_HEADER = YES;
				CLANG_WARN_RANGE_LOOP_ANALYSIS = YES;
				CLANG_WARN_STRICT_PROTOTYPES = YES;
				CLANG_WARN_SUSPICIOUS_MOVE = YES;
				CLANG_WARN_UNGUARDED_AVAILABILITY = YES_AGGRESSIVE;
				CLANG_WARN_UNREACHABLE_CODE = YES;
				CLANG_WARN__DUPLICATE_METHOD_MATCH = YES;
				COPY_PHASE_STRIP = NO;
				DEBUG_INFORMATION_FORMAT = "dwarf-with-dsym";
				ENABLE_NS_ASSERTIONS = NO;
				ENABLE_STRICT_OBJC_MSGSEND = YES;
				ENABLE_USER_SCRIPT_SANDBOXING = YES;
				GCC_C_LANGUAGE_STANDARD = gnu17;
				GCC_NO_COMMON_BLOCKS = YES;
				GCC_WARN_64_TO_32_BIT_CONVERSION = YES;
				GCC_WARN_ABOUT_RETURN_TYPE = YES_ERROR;
				GCC_WARN_UNDECLARED_SELECTOR = YES;
				GCC_WARN_UNINITIALIZED_AUTOS = YES_AGGRESSIVE;
				GCC_WARN_UNUSED_FUNCTION = YES;
				GCC_WARN_UNUSED_VARIABLE = YES;
				IPHONEOS_DEPLOYMENT_TARGET = 17.4;
				LOCALIZATION_PREFERS_STRING_CATALOGS = YES;
				MTL_ENABLE_DEBUG_INFO = NO;
				MTL_FAST_MATH = YES;
				SDKROOT = iphoneos;
				SWIFT_COMPILATION_MODE = wholemodule;
				VALIDATE_PRODUCT = YES;
			};
			name = Release;
		};
		0AAA64F82BD6BE5800E2E0AC /* Debug */ = {
			isa = XCBuildConfiguration;
			buildSettings = {
				ASSETCATALOG_COMPILER_APPICON_NAME = AppIcon;
				ASSETCATALOG_COMPILER_GLOBAL_ACCENT_COLOR_NAME = AccentColor;
				CODE_SIGN_STYLE = Automatic;
				CURRENT_PROJECT_VERSION = 1;
				DEVELOPMENT_ASSET_PATHS = "\"Tempo/Preview Content\"";
				DEVELOPMENT_TEAM = AD62P27W7L;
				ENABLE_PREVIEWS = YES;
				GENERATE_INFOPLIST_FILE = YES;
				INFOPLIST_FILE = Tempo/Info.plist;
				INFOPLIST_KEY_UIApplicationSceneManifest_Generation = YES;
				INFOPLIST_KEY_UIApplicationSupportsIndirectInputEvents = YES;
				INFOPLIST_KEY_UILaunchScreen_Generation = YES;
				INFOPLIST_KEY_UISupportedInterfaceOrientations_iPad = "UIInterfaceOrientationPortrait UIInterfaceOrientationPortraitUpsideDown UIInterfaceOrientationLandscapeLeft UIInterfaceOrientationLandscapeRight";
				INFOPLIST_KEY_UISupportedInterfaceOrientations_iPhone = "UIInterfaceOrientationPortrait UIInterfaceOrientationLandscapeLeft UIInterfaceOrientationLandscapeRight";
				LD_RUNPATH_SEARCH_PATHS = (
					"$(inherited)",
					"@executable_path/Frameworks",
				);
				MARKETING_VERSION = 1.0;
				PRODUCT_BUNDLE_IDENTIFIER = br.com.antonyalkmim.Tempo;
				PRODUCT_NAME = "$(TARGET_NAME)";
				SWIFT_EMIT_LOC_STRINGS = YES;
				SWIFT_VERSION = 5.0;
				TARGETED_DEVICE_FAMILY = "1,2";
			};
			name = Debug;
		};
		0AAA64F92BD6BE5800E2E0AC /* Release */ = {
			isa = XCBuildConfiguration;
			buildSettings = {
				ASSETCATALOG_COMPILER_APPICON_NAME = AppIcon;
				ASSETCATALOG_COMPILER_GLOBAL_ACCENT_COLOR_NAME = AccentColor;
				CODE_SIGN_STYLE = Automatic;
				CURRENT_PROJECT_VERSION = 1;
				DEVELOPMENT_ASSET_PATHS = "\"Tempo/Preview Content\"";
				DEVELOPMENT_TEAM = AD62P27W7L;
				ENABLE_PREVIEWS = YES;
				GENERATE_INFOPLIST_FILE = YES;
				INFOPLIST_FILE = Tempo/Info.plist;
				INFOPLIST_KEY_UIApplicationSceneManifest_Generation = YES;
				INFOPLIST_KEY_UIApplicationSupportsIndirectInputEvents = YES;
				INFOPLIST_KEY_UILaunchScreen_Generation = YES;
				INFOPLIST_KEY_UISupportedInterfaceOrientations_iPad = "UIInterfaceOrientationPortrait UIInterfaceOrientationPortraitUpsideDown UIInterfaceOrientationLandscapeLeft UIInterfaceOrientationLandscapeRight";
				INFOPLIST_KEY_UISupportedInterfaceOrientations_iPhone = "UIInterfaceOrientationPortrait UIInterfaceOrientationLandscapeLeft UIInterfaceOrientationLandscapeRight";
				LD_RUNPATH_SEARCH_PATHS = (
					"$(inherited)",
					"@executable_path/Frameworks",
				);
				MARKETING_VERSION = 1.0;
				PRODUCT_BUNDLE_IDENTIFIER = br.com.antonyalkmim.Tempo;
				PRODUCT_NAME = "$(TARGET_NAME)";
				SWIFT_EMIT_LOC_STRINGS = YES;
				SWIFT_VERSION = 5.0;
				TARGETED_DEVICE_FAMILY = "1,2";
			};
			name = Release;
		};
/* End XCBuildConfiguration section */

/* Begin XCConfigurationList section */
		0AAA64E42BD6BE5600E2E0AC /* Build configuration list for PBXProject "Tempo" */ = {
			isa = XCConfigurationList;
			buildConfigurations = (
				0AAA64F52BD6BE5800E2E0AC /* Debug */,
				0AAA64F62BD6BE5800E2E0AC /* Release */,
			);
			defaultConfigurationIsVisible = 0;
			defaultConfigurationName = Release;
		};
		0AAA64F72BD6BE5800E2E0AC /* Build configuration list for PBXNativeTarget "Tempo" */ = {
			isa = XCConfigurationList;
			buildConfigurations = (
				0AAA64F82BD6BE5800E2E0AC /* Debug */,
				0AAA64F92BD6BE5800E2E0AC /* Release */,
			);
			defaultConfigurationIsVisible = 0;
			defaultConfigurationName = Release;
		};
/* End XCConfigurationList section */
	};
	rootObject = 0AAA64E12BD6BE5600E2E0AC /* Project object */;
}
